
Microsoft Visual Studio Solution File, Format Version 12.00
# Visual Studio Version 17
VisualStudioVersion = 17.5.33414.496
MinimumVisualStudioVersion = 10.0.40219.1
Project("{FAE04EC0-301F-11D3-BF4B-00C04F79EFBC}") = "API_Teste_Ténico", "API_Teste_Ténico\API_Teste_Ténico.csproj", "{83AB9521-8CCC-4E84-B20A-BA7D45144F1D}"
EndProject
Project("{FAE04EC0-301F-11D3-BF4B-00C04F79EFBC}") = "Domain", "Domain\Domain.csproj", "{DFCB11D1-CDA2-45AB-B256-7616D1D05D25}"
EndProject
Project("{FAE04EC0-301F-11D3-BF4B-00C04F79EFBC}") = "Data", "Data\Data.csproj", "{7A7330B9-238B-4D98-835F-83CB39C6D5EF}"
EndProject
Project("{FAE04EC0-301F-11D3-BF4B-00C04F79EFBC}") = "Service", "Service\Service.csproj", "{E51AA468-8EFA-46C6-A06B-B14433187637}"
EndProject
Global
	GlobalSection(SolutionConfigurationPlatforms) = preSolution
		Debug|Any CPU = Debug|Any CPU
		Release|Any CPU = Release|Any CPU
	EndGlobalSection
	GlobalSection(ProjectConfigurationPlatforms) = postSolution
		{83AB9521-8CCC-4E84-B20A-BA7D45144F1D}.Debug|Any CPU.ActiveCfg = Debug|Any CPU
		{83AB9521-8CCC-4E84-B20A-BA7D45144F1D}.Debug|Any CPU.Build.0 = Debug|Any CPU
		{83AB9521-8CCC-4E84-B20A-BA7D45144F1D}.Release|Any CPU.ActiveCfg = Release|Any CPU
		{83AB9521-8CCC-4E84-B20A-BA7D45144F1D}.Release|Any CPU.Build.0 = Release|Any CPU
		{DFCB11D1-CDA2-45AB-B256-7616D1D05D25}.Debug|Any CPU.ActiveCfg = Debug|Any CPU
		{DFCB11D1-CDA2-45AB-B256-7616D1D05D25}.Debug|Any CPU.Build.0 = Debug|Any CPU
		{DFCB11D1-CDA2-45AB-B256-7616D1D05D25}.Release|Any CPU.ActiveCfg = Release|Any CPU
		{DFCB11D1-CDA2-45AB-B256-7616D1D05D25}.Release|Any CPU.Build.0 = Release|Any CPU
		{7A7330B9-238B-4D98-835F-83CB39C6D5EF}.Debug|Any CPU.ActiveCfg = Debug|Any CPU
		{7A7330B9-238B-4D98-835F-83CB39C6D5EF}.Debug|Any CPU.Build.0 = Debug|Any CPU
		{7A7330B9-238B-4D98-835F-83CB39C6D5EF}.Release|Any CPU.ActiveCfg = Release|Any CPU
		{7A7330B9-238B-4D98-835F-83CB39C6D5EF}.Release|Any CPU.Build.0 = Release|Any CPU
		{E51AA468-8EFA-46C6-A06B-B14433187637}.Debug|Any CPU.ActiveCfg = Debug|Any CPU
		{E51AA468-8EFA-46C6-A06B-B14433187637}.Debug|Any CPU.Build.0 = Debug|Any CPU
		{E51AA468-8EFA-46C6-A06B-B14433187637}.Release|Any CPU.ActiveCfg = Release|Any CPU
		{E51AA468-8EFA-46C6-A06B-B14433187637}.Release|Any CPU.Build.0 = Release|Any CPU
	EndGlobalSection
	GlobalSection(SolutionProperties) = preSolution
		HideSolutionNode = FALSE
	EndGlobalSection
	GlobalSection(ExtensibilityGlobals) = postSolution
		SolutionGuid = {4566ADAE-429E-48B1-8B74-F50E390024E3}
	EndGlobalSection
EndGlobal
